
Microsoft Visual Studio Solution File, Format Version 12.00
# Visual Studio Version 17
VisualStudioVersion = 17.11.35312.102
MinimumVisualStudioVersion = 10.0.40219.1
Project("{9A19103F-16F7-4668-BE54-9A1E7A4F7556}") = "Project.V10", "Project.V10\Project.V10.csproj", "{A31FEBCB-4F12-4589-8A54-91817397A137}"
EndProject
Project("{9A19103F-16F7-4668-BE54-9A1E7A4F7556}") = "Tyuiu.ChigurovMV.Sprint7.Project.V10.Lib", "Tyuiu.ChigurovMV.Sprint7.Project.V10.Lib\Tyuiu.ChigurovMV.Sprint7.Project.V10.Lib.csproj", "{BF3F65DC-D04A-446E-ACD6-2D2FBE0F298D}"
EndProject
Project("{9A19103F-16F7-4668-BE54-9A1E7A4F7556}") = "Tyuiu.ChigurovMV.Sprint7.Project.V10.Test", "Tyuiu.ChigurovMV.Sprint7.Project.V10.Test\Tyuiu.ChigurovMV.Sprint7.Project.V10.Test.csproj", "{7BAFE5D7-30A3-44D4-A76C-EAAF692522FA}"
EndProject
Global
	GlobalSection(SolutionConfigurationPlatforms) = preSolution
		Debug|Any CPU = Debug|Any CPU
		Release|Any CPU = Release|Any CPU
	EndGlobalSection
	GlobalSection(ProjectConfigurationPlatforms) = postSolution
		{A31FEBCB-4F12-4589-8A54-91817397A137}.Debug|Any CPU.ActiveCfg = Debug|Any CPU
		{A31FEBCB-4F12-4589-8A54-91817397A137}.Debug|Any CPU.Build.0 = Debug|Any CPU
		{A31FEBCB-4F12-4589-8A54-91817397A137}.Release|Any CPU.ActiveCfg = Release|Any CPU
		{A31FEBCB-4F12-4589-8A54-91817397A137}.Release|Any CPU.Build.0 = Release|Any CPU
		{BF3F65DC-D04A-446E-ACD6-2D2FBE0F298D}.Debug|Any CPU.ActiveCfg = Debug|Any CPU
		{BF3F65DC-D04A-446E-ACD6-2D2FBE0F298D}.Debug|Any CPU.Build.0 = Debug|Any CPU
		{BF3F65DC-D04A-446E-ACD6-2D2FBE0F298D}.Release|Any CPU.ActiveCfg = Release|Any CPU
		{BF3F65DC-D04A-446E-ACD6-2D2FBE0F298D}.Release|Any CPU.Build.0 = Release|Any CPU
		{7BAFE5D7-30A3-44D4-A76C-EAAF692522FA}.Debug|Any CPU.ActiveCfg = Debug|Any CPU
		{7BAFE5D7-30A3-44D4-A76C-EAAF692522FA}.Debug|Any CPU.Build.0 = Debug|Any CPU
		{7BAFE5D7-30A3-44D4-A76C-EAAF692522FA}.Release|Any CPU.ActiveCfg = Release|Any CPU
		{7BAFE5D7-30A3-44D4-A76C-EAAF692522FA}.Release|Any CPU.Build.0 = Release|Any CPU
	EndGlobalSection
	GlobalSection(SolutionProperties) = preSolution
		HideSolutionNode = FALSE
	EndGlobalSection
	GlobalSection(ExtensibilityGlobals) = postSolution
		SolutionGuid = {91CC1037-0BE1-4846-84F0-5C3181058C70}
	EndGlobalSection
EndGlobal
